// !$*UTF8*$!
{
	archiveVersion = 1;
	classes = {
	};
	objectVersion = 50;
	objects = {

/* Begin PBXBuildFile section */
		377B960E26009A770000A7FE /* AppDelegate.swift in Sources */ = {isa = PBXBuildFile; fileRef = 377B960D26009A770000A7FE /* AppDelegate.swift */; };
		377B961026009A770000A7FE /* SceneDelegate.swift in Sources */ = {isa = PBXBuildFile; fileRef = 377B960F26009A770000A7FE /* SceneDelegate.swift */; };
		377B961226009A770000A7FE /* ViewController.swift in Sources */ = {isa = PBXBuildFile; fileRef = 377B961126009A770000A7FE /* ViewController.swift */; };
		377B961526009A770000A7FE /* Main.storyboard in Resources */ = {isa = PBXBuildFile; fileRef = 377B961326009A770000A7FE /* Main.storyboard */; };
		377B961726009A7B0000A7FE /* Assets.xcassets in Resources */ = {isa = PBXBuildFile; fileRef = 377B961626009A7B0000A7FE /* Assets.xcassets */; };
		377B961A26009A7B0000A7FE /* LaunchScreen.storyboard in Resources */ = {isa = PBXBuildFile; fileRef = 377B961826009A7B0000A7FE /* LaunchScreen.storyboard */; };
		377B962526009A7B0000A7FE /* QuizTests.swift in Sources */ = {isa = PBXBuildFile; fileRef = 377B962426009A7B0000A7FE /* QuizTests.swift */; };
		377B963026009A7B0000A7FE /* QuizUITests.swift in Sources */ = {isa = PBXBuildFile; fileRef = 377B962F26009A7B0000A7FE /* QuizUITests.swift */; };
/* End PBXBuildFile section */

/* Begin PBXContainerItemProxy section */
		377B962126009A7B0000A7FE /* PBXContainerItemProxy */ = {
			isa = PBXContainerItemProxy;
			containerPortal = 377B960226009A770000A7FE /* Project object */;
			proxyType = 1;
			remoteGlobalIDString = 377B960926009A770000A7FE;
			remoteInfo = Quiz;
		};
		377B962C26009A7B0000A7FE /* PBXContainerItemProxy */ = {
			isa = PBXContainerItemProxy;
			containerPortal = 377B960226009A770000A7FE /* Project object */;
			proxyType = 1;
			remoteGlobalIDString = 377B960926009A770000A7FE;
			remoteInfo = Quiz;
		};
/* End PBXContainerItemProxy section */

/* Begin PBXFileReference section */
		377B960A26009A770000A7FE /* Quiz.app */ = {isa = PBXFileReference; explicitFileType = wrapper.application; includeInIndex = 0; path = Quiz.app; sourceTree = BUILT_PRODUCTS_DIR; };
		377B960D26009A770000A7FE /* AppDelegate.swift */ = {isa = PBXFileReference; lastKnownFileType = sourcecode.swift; path = AppDelegate.swift; sourceTree = "<group>"; };
		377B960F26009A770000A7FE /* SceneDelegate.swift */ = {isa = PBXFileReference; lastKnownFileType = sourcecode.swift; path = SceneDelegate.swift; sourceTree = "<group>"; };
		377B961126009A770000A7FE /* ViewController.swift */ = {isa = PBXFileReference; lastKnownFileType = sourcecode.swift; path = ViewController.swift; sourceTree = "<group>"; };
		377B961426009A770000A7FE /* Base */ = {isa = PBXFileReference; lastKnownFileType = file.storyboard; name = Base; path = Base.lproj/Main.storyboard; sourceTree = "<group>"; };
		377B961626009A7B0000A7FE /* Assets.xcassets */ = {isa = PBXFileReference; lastKnownFileType = folder.assetcatalog; path = Assets.xcassets; sourceTree = "<group>"; };
		377B961926009A7B0000A7FE /* Base */ = {isa = PBXFileReference; lastKnownFileType = file.storyboard; name = Base; path = Base.lproj/LaunchScreen.storyboard; sourceTree = "<group>"; };
		377B961B26009A7B0000A7FE /* Info.plist */ = {isa = PBXFileReference; lastKnownFileType = text.plist.xml; path = Info.plist; sourceTree = "<group>"; };
		377B962026009A7B0000A7FE /* QuizTests.xctest */ = {isa = PBXFileReference; explicitFileType = wrapper.cfbundle; includeInIndex = 0; path = QuizTests.xctest; sourceTree = BUILT_PRODUCTS_DIR; };
		377B962426009A7B0000A7FE /* QuizTests.swift */ = {isa = PBXFileReference; lastKnownFileType = sourcecode.swift; path = QuizTests.swift; sourceTree = "<group>"; };
		377B962626009A7B0000A7FE /* Info.plist */ = {isa = PBXFileReference; lastKnownFileType = text.plist.xml; path = Info.plist; sourceTree = "<group>"; };
		377B962B26009A7B0000A7FE /* QuizUITests.xctest */ = {isa = PBXFileReference; explicitFileType = wrapper.cfbundle; includeInIndex = 0; path = QuizUITests.xctest; sourceTree = BUILT_PRODUCTS_DIR; };
		377B962F26009A7B0000A7FE /* QuizUITests.swift */ = {isa = PBXFileReference; lastKnownFileType = sourcecode.swift; path = QuizUITests.swift; sourceTree = "<group>"; };
		377B963126009A7B0000A7FE /* Info.plist */ = {isa = PBXFileReference; lastKnownFileType = text.plist.xml; path = Info.plist; sourceTree = "<group>"; };
/* End PBXFileReference section */

/* Begin PBXFrameworksBuildPhase section */
		377B960726009A770000A7FE /* Frameworks */ = {
			isa = PBXFrameworksBuildPhase;
			buildActionMask = 2147483647;
			files = (
			);
			runOnlyForDeploymentPostprocessing = 0;
		};
		377B961D26009A7B0000A7FE /* Frameworks */ = {
			isa = PBXFrameworksBuildPhase;
			buildActionMask = 2147483647;
			files = (
			);
			runOnlyForDeploymentPostprocessing = 0;
		};
		377B962826009A7B0000A7FE /* Frameworks */ = {
			isa = PBXFrameworksBuildPhase;
			buildActionMask = 2147483647;
			files = (
			);
			runOnlyForDeploymentPostprocessing = 0;
		};
/* End PBXFrameworksBuildPhase section */

/* Begin PBXGroup section */
		377B960126009A770000A7FE = {
			isa = PBXGroup;
			children = (
				377B960C26009A770000A7FE /* Quiz */,
				377B962326009A7B0000A7FE /* QuizTests */,
				377B962E26009A7B0000A7FE /* QuizUITests */,
				377B960B26009A770000A7FE /* Products */,
			);
			sourceTree = "<group>";
		};
		377B960B26009A770000A7FE /* Products */ = {
			isa = PBXGroup;
			children = (
				377B960A26009A770000A7FE /* Quiz.app */,
				377B962026009A7B0000A7FE /* QuizTests.xctest */,
				377B962B26009A7B0000A7FE /* QuizUITests.xctest */,
			);
			name = Products;
			sourceTree = "<group>";
		};
		377B960C26009A770000A7FE /* Quiz */ = {
			isa = PBXGroup;
			children = (
				377B960D26009A770000A7FE /* AppDelegate.swift */,
				377B960F26009A770000A7FE /* SceneDelegate.swift */,
				377B961126009A770000A7FE /* ViewController.swift */,
				377B961326009A770000A7FE /* Main.storyboard */,
				377B961626009A7B0000A7FE /* Assets.xcassets */,
				377B961826009A7B0000A7FE /* LaunchScreen.storyboard */,
				377B961B26009A7B0000A7FE /* Info.plist */,
			);
			path = Quiz;
			sourceTree = "<group>";
		};
		377B962326009A7B0000A7FE /* QuizTests */ = {
			isa = PBXGroup;
			children = (
				377B962426009A7B0000A7FE /* QuizTests.swift */,
				377B962626009A7B0000A7FE /* Info.plist */,
			);
			path = QuizTests;
			sourceTree = "<group>";
		};
		377B962E26009A7B0000A7FE /* QuizUITests */ = {
			isa = PBXGroup;
			children = (
				377B962F26009A7B0000A7FE /* QuizUITests.swift */,
				377B963126009A7B0000A7FE /* Info.plist */,
			);
			path = QuizUITests;
			sourceTree = "<group>";
		};
/* End PBXGroup section */

/* Begin PBXNativeTarget section */
		377B960926009A770000A7FE /* Quiz */ = {
			isa = PBXNativeTarget;
			buildConfigurationList = 377B963426009A7B0000A7FE /* Build configuration list for PBXNativeTarget "Quiz" */;
			buildPhases = (
				377B960626009A770000A7FE /* Sources */,
				377B960726009A770000A7FE /* Frameworks */,
				377B960826009A770000A7FE /* Resources */,
			);
			buildRules = (
			);
			dependencies = (
			);
			name = Quiz;
			productName = Quiz;
			productReference = 377B960A26009A770000A7FE /* Quiz.app */;
			productType = "com.apple.product-type.application";
		};
		377B961F26009A7B0000A7FE /* QuizTests */ = {
			isa = PBXNativeTarget;
			buildConfigurationList = 377B963726009A7B0000A7FE /* Build configuration list for PBXNativeTarget "QuizTests" */;
			buildPhases = (
				377B961C26009A7B0000A7FE /* Sources */,
				377B961D26009A7B0000A7FE /* Frameworks */,
				377B961E26009A7B0000A7FE /* Resources */,
			);
			buildRules = (
			);
			dependencies = (
				377B962226009A7B0000A7FE /* PBXTargetDependency */,
			);
			name = QuizTests;
			productName = QuizTests;
			productReference = 377B962026009A7B0000A7FE /* QuizTests.xctest */;
			productType = "com.apple.product-type.bundle.unit-test";
		};
		377B962A26009A7B0000A7FE /* QuizUITests */ = {
			isa = PBXNativeTarget;
			buildConfigurationList = 377B963A26009A7B0000A7FE /* Build configuration list for PBXNativeTarget "QuizUITests" */;
			buildPhases = (
				377B962726009A7B0000A7FE /* Sources */,
				377B962826009A7B0000A7FE /* Frameworks */,
				377B962926009A7B0000A7FE /* Resources */,
			);
			buildRules = (
			);
			dependencies = (
				377B962D26009A7B0000A7FE /* PBXTargetDependency */,
			);
			name = QuizUITests;
			productName = QuizUITests;
			productReference = 377B962B26009A7B0000A7FE /* QuizUITests.xctest */;
			productType = "com.apple.product-type.bundle.ui-testing";
		};
/* End PBXNativeTarget section */

/* Begin PBXProject section */
		377B960226009A770000A7FE /* Project object */ = {
			isa = PBXProject;
			attributes = {
				LastSwiftUpdateCheck = 1240;
				LastUpgradeCheck = 1240;
				TargetAttributes = {
					377B960926009A770000A7FE = {
						CreatedOnToolsVersion = 12.4;
					};
					377B961F26009A7B0000A7FE = {
						CreatedOnToolsVersion = 12.4;
						TestTargetID = 377B960926009A770000A7FE;
					};
					377B962A26009A7B0000A7FE = {
						CreatedOnToolsVersion = 12.4;
						TestTargetID = 377B960926009A770000A7FE;
					};
				};
			};
			buildConfigurationList = 377B960526009A770000A7FE /* Build configuration list for PBXProject "Quiz" */;
			compatibilityVersion = "Xcode 9.3";
			developmentRegion = en;
			hasScannedForEncodings = 0;
			knownRegions = (
				en,
				Base,
			);
			mainGroup = 377B960126009A770000A7FE;
			productRefGroup = 377B960B26009A770000A7FE /* Products */;
			projectDirPath = "";
			projectRoot = "";
			targets = (
				377B960926009A770000A7FE /* Quiz */,
				377B961F26009A7B0000A7FE /* QuizTests */,
				377B962A26009A7B0000A7FE /* QuizUITests */,
			);
		};
/* End PBXProject section */

/* Begin PBXResourcesBuildPhase section */
		377B960826009A770000A7FE /* Resources */ = {
			isa = PBXResourcesBuildPhase;
			buildActionMask = 2147483647;
			files = (
				377B961A26009A7B0000A7FE /* LaunchScreen.storyboard in Resources */,
				377B961726009A7B0000A7FE /* Assets.xcassets in Resources */,
				377B961526009A770000A7FE /* Main.storyboard in Resources */,
			);
			runOnlyForDeploymentPostprocessing = 0;
		};
		377B961E26009A7B0000A7FE /* Resources */ = {
			isa = PBXResourcesBuildPhase;
			buildActionMask = 2147483647;
			files = (
			);
			runOnlyForDeploymentPostprocessing = 0;
		};
		377B962926009A7B0000A7FE /* Resources */ = {
			isa = PBXResourcesBuildPhase;
			buildActionMask = 2147483647;
			files = (
			);
			runOnlyForDeploymentPostprocessing = 0;
		};
/* End PBXResourcesBuildPhase section */

/* Begin PBXSourcesBuildPhase section */
		377B960626009A770000A7FE /* Sources */ = {
			isa = PBXSourcesBuildPhase;
			buildActionMask = 2147483647;
			files = (
				377B961226009A770000A7FE /* ViewController.swift in Sources */,
				377B960E26009A770000A7FE /* AppDelegate.swift in Sources */,
				377B961026009A770000A7FE /* SceneDelegate.swift in Sources */,
			);
			runOnlyForDeploymentPostprocessing = 0;
		};
		377B961C26009A7B0000A7FE /* Sources */ = {
			isa = PBXSourcesBuildPhase;
			buildActionMask = 2147483647;
			files = (
				377B962526009A7B0000A7FE /* QuizTests.swift in Sources */,
			);
			runOnlyForDeploymentPostprocessing = 0;
		};
		377B962726009A7B0000A7FE /* Sources */ = {
			isa = PBXSourcesBuildPhase;
			buildActionMask = 2147483647;
			files = (
				377B963026009A7B0000A7FE /* QuizUITests.swift in Sources */,
			);
			runOnlyForDeploymentPostprocessing = 0;
		};
/* End PBXSourcesBuildPhase section */

/* Begin PBXTargetDependency section */
		377B962226009A7B0000A7FE /* PBXTargetDependency */ = {
			isa = PBXTargetDependency;
			target = 377B960926009A770000A7FE /* Quiz */;
			targetProxy = 377B962126009A7B0000A7FE /* PBXContainerItemProxy */;
		};
		377B962D26009A7B0000A7FE /* PBXTargetDependency */ = {
			isa = PBXTargetDependency;
			target = 377B960926009A770000A7FE /* Quiz */;
			targetProxy = 377B962C26009A7B0000A7FE /* PBXContainerItemProxy */;
		};
/* End PBXTargetDependency section */

/* Begin PBXVariantGroup section */
		377B961326009A770000A7FE /* Main.storyboard */ = {
			isa = PBXVariantGroup;
			children = (
				377B961426009A770000A7FE /* Base */,
			);
			name = Main.storyboard;
			sourceTree = "<group>";
		};
		377B961826009A7B0000A7FE /* LaunchScreen.storyboard */ = {
			isa = PBXVariantGroup;
			children = (
				377B961926009A7B0000A7FE /* Base */,
			);
			name = LaunchScreen.storyboard;
			sourceTree = "<group>";
		};
/* End PBXVariantGroup section */

/* Begin XCBuildConfiguration section */
		377B963226009A7B0000A7FE /* Debug */ = {
			isa = XCBuildConfiguration;
			buildSettings = {
				ALWAYS_SEARCH_USER_PATHS = NO;
				CLANG_ANALYZER_NONNULL = YES;
				CLANG_ANALYZER_NUMBER_OBJECT_CONVERSION = YES_AGGRESSIVE;
				CLANG_CXX_LANGUAGE_STANDARD = "gnu++14";
				CLANG_CXX_LIBRARY = "libc++";
				CLANG_ENABLE_MODULES = YES;
				CLANG_ENABLE_OBJC_ARC = YES;
				CLANG_ENABLE_OBJC_WEAK = YES;
				CLANG_WARN_BLOCK_CAPTURE_AUTORELEASING = YES;
				CLANG_WARN_BOOL_CONVERSION = YES;
				CLANG_WARN_COMMA = YES;
				CLANG_WARN_CONSTANT_CONVERSION = YES;
				CLANG_WARN_DEPRECATED_OBJC_IMPLEMENTATIONS = YES;
				CLANG_WARN_DIRECT_OBJC_ISA_USAGE = YES_ERROR;
				CLANG_WARN_DOCUMENTATION_COMMENTS = YES;
				CLANG_WARN_EMPTY_BODY = YES;
				CLANG_WARN_ENUM_CONVERSION = YES;
				CLANG_WARN_INFINITE_RECURSION = YES;
				CLANG_WARN_INT_CONVERSION = YES;
				CLANG_WARN_NON_LITERAL_NULL_CONVERSION = YES;
				CLANG_WARN_OBJC_IMPLICIT_RETAIN_SELF = YES;
				CLANG_WARN_OBJC_LITERAL_CONVERSION = YES;
				CLANG_WARN_OBJC_ROOT_CLASS = YES_ERROR;
				CLANG_WARN_QUOTED_INCLUDE_IN_FRAMEWORK_HEADER = YES;
				CLANG_WARN_RANGE_LOOP_ANALYSIS = YES;
				CLANG_WARN_STRICT_PROTOTYPES = YES;
				CLANG_WARN_SUSPICIOUS_MOVE = YES;
				CLANG_WARN_UNGUARDED_AVAILABILITY = YES_AGGRESSIVE;
				CLANG_WARN_UNREACHABLE_CODE = YES;
				CLANG_WARN__DUPLICATE_METHOD_MATCH = YES;
				COPY_PHASE_STRIP = NO;
				DEBUG_INFORMATION_FORMAT = dwarf;
				ENABLE_STRICT_OBJC_MSGSEND = YES;
				ENABLE_TESTABILITY = YES;
				GCC_C_LANGUAGE_STANDARD = gnu11;
				GCC_DYNAMIC_NO_PIC = NO;
				GCC_NO_COMMON_BLOCKS = YES;
				GCC_OPTIMIZATION_LEVEL = 0;
				GCC_PREPROCESSOR_DEFINITIONS = (
					"DEBUG=1",
					"$(inherited)",
				);
				GCC_WARN_64_TO_32_BIT_CONVERSION = YES;
				GCC_WARN_ABOUT_RETURN_TYPE = YES_ERROR;
				GCC_WARN_UNDECLARED_SELECTOR = YES;
				GCC_WARN_UNINITIALIZED_AUTOS = YES_AGGRESSIVE;
				GCC_WARN_UNUSED_FUNCTION = YES;
				GCC_WARN_UNUSED_VARIABLE = YES;
				IPHONEOS_DEPLOYMENT_TARGET = 14.4;
				MTL_ENABLE_DEBUG_INFO = INCLUDE_SOURCE;
				MTL_FAST_MATH = YES;
				ONLY_ACTIVE_ARCH = YES;
				SDKROOT = iphoneos;
				SWIFT_ACTIVE_COMPILATION_CONDITIONS = DEBUG;
				SWIFT_OPTIMIZATION_LEVEL = "-Onone";
			};
			name = Debug;
		};
		377B963326009A7B0000A7FE /* Release */ = {
			isa = XCBuildConfiguration;
			buildSettings = {
				ALWAYS_SEARCH_USER_PATHS = NO;
				CLANG_ANALYZER_NONNULL = YES;
				CLANG_ANALYZER_NUMBER_OBJECT_CONVERSION = YES_AGGRESSIVE;
				CLANG_CXX_LANGUAGE_STANDARD = "gnu++14";
				CLANG_CXX_LIBRARY = "libc++";
				CLANG_ENABLE_MODULES = YES;
				CLANG_ENABLE_OBJC_ARC = YES;
				CLANG_ENABLE_OBJC_WEAK = YES;
				CLANG_WARN_BLOCK_CAPTURE_AUTORELEASING = YES;
				CLANG_WARN_BOOL_CONVERSION = YES;
				CLANG_WARN_COMMA = YES;
				CLANG_WARN_CONSTANT_CONVERSION = YES;
				CLANG_WARN_DEPRECATED_OBJC_IMPLEMENTATIONS = YES;
				CLANG_WARN_DIRECT_OBJC_ISA_USAGE = YES_ERROR;
				CLANG_WARN_DOCUMENTATION_COMMENTS = YES;
				CLANG_WARN_EMPTY_BODY = YES;
				CLANG_WARN_ENUM_CONVERSION = YES;
				CLANG_WARN_INFINITE_RECURSION = YES;
				CLANG_WARN_INT_CONVERSION = YES;
				CLANG_WARN_NON_LITERAL_NULL_CONVERSION = YES;
				CLANG_WARN_OBJC_IMPLICIT_RETAIN_SELF = YES;
				CLANG_WARN_OBJC_LITERAL_CONVERSION = YES;
				CLANG_WARN_OBJC_ROOT_CLASS = YES_ERROR;
				CLANG_WARN_QUOTED_INCLUDE_IN_FRAMEWORK_HEADER = YES;
				CLANG_WARN_RANGE_LOOP_ANALYSIS = YES;
				CLANG_WARN_STRICT_PROTOTYPES = YES;
				CLANG_WARN_SUSPICIOUS_MOVE = YES;
				CLANG_WARN_UNGUARDED_AVAILABILITY = YES_AGGRESSIVE;
				CLANG_WARN_UNREACHABLE_CODE = YES;
				CLANG_WARN__DUPLICATE_METHOD_MATCH = YES;
				COPY_PHASE_STRIP = NO;
				DEBUG_INFORMATION_FORMAT = "dwarf-with-dsym";
				ENABLE_NS_ASSERTIONS = NO;
				ENABLE_STRICT_OBJC_MSGSEND = YES;
				GCC_C_LANGUAGE_STANDARD = gnu11;
				GCC_NO_COMMON_BLOCKS = YES;
				GCC_WARN_64_TO_32_BIT_CONVERSION = YES;
				GCC_WARN_ABOUT_RETURN_TYPE = YES_ERROR;
				GCC_WARN_UNDECLARED_SELECTOR = YES;
				GCC_WARN_UNINITIALIZED_AUTOS = YES_AGGRESSIVE;
				GCC_WARN_UNUSED_FUNCTION = YES;
				GCC_WARN_UNUSED_VARIABLE = YES;
				IPHONEOS_DEPLOYMENT_TARGET = 14.4;
				MTL_ENABLE_DEBUG_INFO = NO;
				MTL_FAST_MATH = YES;
				SDKROOT = iphoneos;
				SWIFT_COMPILATION_MODE = wholemodule;
				SWIFT_OPTIMIZATION_LEVEL = "-O";
				VALIDATE_PRODUCT = YES;
			};
			name = Release;
		};
		377B963526009A7B0000A7FE /* Debug */ = {
			isa = XCBuildConfiguration;
			buildSettings = {
				ASSETCATALOG_COMPILER_APPICON_NAME = AppIcon;
				ASSETCATALOG_COMPILER_GLOBAL_ACCENT_COLOR_NAME = AccentColor;
				CODE_SIGN_STYLE = Automatic;
				INFOPLIST_FILE = Quiz/Info.plist;
				LD_RUNPATH_SEARCH_PATHS = (
					"$(inherited)",
					"@executable_path/Frameworks",
				);
				PRODUCT_BUNDLE_IDENTIFIER = kenta.Quiz;
				PRODUCT_NAME = "$(TARGET_NAME)";
				SWIFT_VERSION = 5.0;
				TARGETED_DEVICE_FAMILY = "1,2";
			};
			name = Debug;
		};
		377B963626009A7B0000A7FE /* Release */ = {
			isa = XCBuildConfiguration;
			buildSettings = {
				ASSETCATALOG_COMPILER_APPICON_NAME = AppIcon;
				ASSETCATALOG_COMPILER_GLOBAL_ACCENT_COLOR_NAME = AccentColor;
				CODE_SIGN_STYLE = Automatic;
				INFOPLIST_FILE = Quiz/Info.plist;
				LD_RUNPATH_SEARCH_PATHS = (
					"$(inherited)",
					"@executable_path/Frameworks",
				);
				PRODUCT_BUNDLE_IDENTIFIER = kenta.Quiz;
				PRODUCT_NAME = "$(TARGET_NAME)";
				SWIFT_VERSION = 5.0;
				TARGETED_DEVICE_FAMILY = "1,2";
			};
			name = Release;
		};
		377B963826009A7B0000A7FE /* Debug */ = {
			isa = XCBuildConfiguration;
			buildSettings = {
				ALWAYS_EMBED_SWIFT_STANDARD_LIBRARIES = YES;
				BUNDLE_LOADER = "$(TEST_HOST)";
				CODE_SIGN_STYLE = Automatic;
				INFOPLIST_FILE = QuizTests/Info.plist;
				IPHONEOS_DEPLOYMENT_TARGET = 14.4;
				LD_RUNPATH_SEARCH_PATHS = (
					"$(inherited)",
					"@executable_path/Frameworks",
					"@loader_path/Frameworks",
				);
				PRODUCT_BUNDLE_IDENTIFIER = kenta.QuizTests;
				PRODUCT_NAME = "$(TARGET_NAME)";
				SWIFT_VERSION = 5.0;
				TARGETED_DEVICE_FAMILY = "1,2";
				TEST_HOST = "$(BUILT_PRODUCTS_DIR)/Quiz.app/Quiz";
			};
			name = Debug;
		};
		377B963926009A7B0000A7FE /* Release */ = {
			isa = XCBuildConfiguration;
			buildSettings = {
				ALWAYS_EMBED_SWIFT_STANDARD_LIBRARIES = YES;
				BUNDLE_LOADER = "$(TEST_HOST)";
				CODE_SIGN_STYLE = Automatic;
				INFOPLIST_FILE = QuizTests/Info.plist;
				IPHONEOS_DEPLOYMENT_TARGET = 14.4;
				LD_RUNPATH_SEARCH_PATHS = (
					"$(inherited)",
					"@executable_path/Frameworks",
					"@loader_path/Frameworks",
				);
				PRODUCT_BUNDLE_IDENTIFIER = kenta.QuizTests;
				PRODUCT_NAME = "$(TARGET_NAME)";
				SWIFT_VERSION = 5.0;
				TARGETED_DEVICE_FAMILY = "1,2";
				TEST_HOST = "$(BUILT_PRODUCTS_DIR)/Quiz.app/Quiz";
			};
			name = Release;
		};
		377B963B26009A7B0000A7FE /* Debug */ = {
			isa = XCBuildConfiguration;
			buildSettings = {
				ALWAYS_EMBED_SWIFT_STANDARD_LIBRARIES = YES;
				CODE_SIGN_STYLE = Automatic;
				INFOPLIST_FILE = QuizUITests/Info.plist;
				LD_RUNPATH_SEARCH_PATHS = (
					"$(inherited)",
					"@executable_path/Frameworks",
					"@loader_path/Frameworks",
				);
				PRODUCT_BUNDLE_IDENTIFIER = kenta.QuizUITests;
				PRODUCT_NAME = "$(TARGET_NAME)";
				SWIFT_VERSION = 5.0;
				TARGETED_DEVICE_FAMILY = "1,2";
				TEST_TARGET_NAME = Quiz;
			};
			name = Debug;
		};
		377B963C26009A7B0000A7FE /* Release */ = {
			isa = XCBuildConfiguration;
			buildSettings = {
				ALWAYS_EMBED_SWIFT_STANDARD_LIBRARIES = YES;
				CODE_SIGN_STYLE = Automatic;
				INFOPLIST_FILE = QuizUITests/Info.plist;
				LD_RUNPATH_SEARCH_PATHS = (
					"$(inherited)",
					"@executable_path/Frameworks",
					"@loader_path/Frameworks",
				);
				PRODUCT_BUNDLE_IDENTIFIER = kenta.QuizUITests;
				PRODUCT_NAME = "$(TARGET_NAME)";
				SWIFT_VERSION = 5.0;
				TARGETED_DEVICE_FAMILY = "1,2";
				TEST_TARGET_NAME = Quiz;
			};
			name = Release;
		};
/* End XCBuildConfiguration section */

/* Begin XCConfigurationList section */
		377B960526009A770000A7FE /* Build configuration list for PBXProject "Quiz" */ = {
			isa = XCConfigurationList;
			buildConfigurations = (
				377B963226009A7B0000A7FE /* Debug */,
				377B963326009A7B0000A7FE /* Release */,
			);
			defaultConfigurationIsVisible = 0;
			defaultConfigurationName = Release;
		};
		377B963426009A7B0000A7FE /* Build configuration list for PBXNativeTarget "Quiz" */ = {
			isa = XCConfigurationList;
			buildConfigurations = (
				377B963526009A7B0000A7FE /* Debug */,
				377B963626009A7B0000A7FE /* Release */,
			);
			defaultConfigurationIsVisible = 0;
			defaultConfigurationName = Release;
		};
		377B963726009A7B0000A7FE /* Build configuration list for PBXNativeTarget "QuizTests" */ = {
			isa = XCConfigurationList;
			buildConfigurations = (
				377B963826009A7B0000A7FE /* Debug */,
				377B963926009A7B0000A7FE /* Release */,
			);
			defaultConfigurationIsVisible = 0;
			defaultConfigurationName = Release;
		};
		377B963A26009A7B0000A7FE /* Build configuration list for PBXNativeTarget "QuizUITests" */ = {
			isa = XCConfigurationList;
			buildConfigurations = (
				377B963B26009A7B0000A7FE /* Debug */,
				377B963C26009A7B0000A7FE /* Release */,
			);
			defaultConfigurationIsVisible = 0;
			defaultConfigurationName = Release;
		};
/* End XCConfigurationList section */
	};
	rootObject = 377B960226009A770000A7FE /* Project object */;
}
